
Microsoft Visual Studio Solution File, Format Version 12.00
# Visual Studio 15
VisualStudioVersion = 15.0.28010.2048
MinimumVisualStudioVersion = 10.0.40219.1
Project("{9A19103F-16F7-4668-BE54-9A1E7A4F7556}") = "EasyCosmos", "EasyCosmos\EasyCosmos.csproj", "{736F070C-390C-4084-AEF0-E23D32AEF4D9}"
EndProject
Project("{9A19103F-16F7-4668-BE54-9A1E7A4F7556}") = "EasyCosmos.Tests", "EasyCosmos.Tests\EasyCosmos.Tests.csproj", "{6CFEB27B-23B7-4EBF-B3A9-A675F6F4F3BF}"
EndProject
Global
	GlobalSection(SolutionConfigurationPlatforms) = preSolution
		Debug|Any CPU = Debug|Any CPU
		Release|Any CPU = Release|Any CPU
	EndGlobalSection
	GlobalSection(ProjectConfigurationPlatforms) = postSolution
		{736F070C-390C-4084-AEF0-E23D32AEF4D9}.Debug|Any CPU.ActiveCfg = Debug|Any CPU
		{736F070C-390C-4084-AEF0-E23D32AEF4D9}.Debug|Any CPU.Build.0 = Debug|Any CPU
		{736F070C-390C-4084-AEF0-E23D32AEF4D9}.Release|Any CPU.ActiveCfg = Release|Any CPU
		{736F070C-390C-4084-AEF0-E23D32AEF4D9}.Release|Any CPU.Build.0 = Release|Any CPU
		{6CFEB27B-23B7-4EBF-B3A9-A675F6F4F3BF}.Debug|Any CPU.ActiveCfg = Debug|Any CPU
		{6CFEB27B-23B7-4EBF-B3A9-A675F6F4F3BF}.Debug|Any CPU.Build.0 = Debug|Any CPU
		{6CFEB27B-23B7-4EBF-B3A9-A675F6F4F3BF}.Release|Any CPU.ActiveCfg = Release|Any CPU
		{6CFEB27B-23B7-4EBF-B3A9-A675F6F4F3BF}.Release|Any CPU.Build.0 = Release|Any CPU
	EndGlobalSection
	GlobalSection(SolutionProperties) = preSolution
		HideSolutionNode = FALSE
	EndGlobalSection
	GlobalSection(ExtensibilityGlobals) = postSolution
		SolutionGuid = {D22E7AFE-2669-41A4-9821-A4D1951DE902}
	EndGlobalSection
EndGlobal
